
Microsoft Visual Studio Solution File, Format Version 12.00
# Visual Studio Version 16
VisualStudioVersion = 16.0.29503.13
MinimumVisualStudioVersion = 10.0.40219.1
Project("{9A19103F-16F7-4668-BE54-9A1E7A4F7556}") = "AdventureWorks2017.DataAccess", "AdventureWorks2017.DataAccess.csproj", "{B30962D0-BAF6-4180-87AE-44EB5446107B}"
EndProject
Project("{FAE04EC0-301F-11D3-BF4B-00C04F79EFBC}") = "AdventureWorks2017.DataAccess.IntegrationTests", "..\AdventureWorks2017.DataAccess.IntegrationTests\AdventureWorks2017.DataAccess.IntegrationTests.csproj", "{2FA1C5AE-DF87-4E8B-947E-C51B9AC12BFB}"
EndProject
Global
	GlobalSection(SolutionConfigurationPlatforms) = preSolution
		Debug|Any CPU = Debug|Any CPU
		Release|Any CPU = Release|Any CPU
	EndGlobalSection
	GlobalSection(ProjectConfigurationPlatforms) = postSolution
		{B30962D0-BAF6-4180-87AE-44EB5446107B}.Debug|Any CPU.ActiveCfg = Debug|Any CPU
		{B30962D0-BAF6-4180-87AE-44EB5446107B}.Debug|Any CPU.Build.0 = Debug|Any CPU
		{B30962D0-BAF6-4180-87AE-44EB5446107B}.Release|Any CPU.ActiveCfg = Release|Any CPU
		{B30962D0-BAF6-4180-87AE-44EB5446107B}.Release|Any CPU.Build.0 = Release|Any CPU
		{2FA1C5AE-DF87-4E8B-947E-C51B9AC12BFB}.Debug|Any CPU.ActiveCfg = Debug|Any CPU
		{2FA1C5AE-DF87-4E8B-947E-C51B9AC12BFB}.Debug|Any CPU.Build.0 = Debug|Any CPU
		{2FA1C5AE-DF87-4E8B-947E-C51B9AC12BFB}.Release|Any CPU.ActiveCfg = Release|Any CPU
		{2FA1C5AE-DF87-4E8B-947E-C51B9AC12BFB}.Release|Any CPU.Build.0 = Release|Any CPU
	EndGlobalSection
	GlobalSection(SolutionProperties) = preSolution
		HideSolutionNode = FALSE
	EndGlobalSection
	GlobalSection(ExtensibilityGlobals) = postSolution
		SolutionGuid = {C74F7F80-75FB-4CF3-883B-095DB339DB9E}
	EndGlobalSection
EndGlobal
